<?xml version="1.0" encoding="utf-8"?>
<Project ToolsVersion="4.0" xmlns="http://schemas.microsoft.com/developer/msbuild/2003">
  <ItemGroup>
    <Filter Include="Source Files">
      <UniqueIdentifier>{4FC737F1-C7A5-4376-A066-2A32D752A2FF}</UniqueIdentifier>
      <Extensions>cpp;c;cc;cxx;def;odl;idl;hpj;bat;asm;asmx</Extensions>
    </Filter>
  </ItemGroup>
  <ItemGroup>
    <ClCompile Include="..\lzma\C\7zStream.c">
      <Filter>Source Files</Filter>
    </ClCompile>
    <ClCompile Include="..\lzma\C\LzFind.c">
      <Filter>Source Files</Filter>
    </ClCompile>
    <ClCompile Include="..\lzma\C\LzFindMt.c">
      <Filter>Source Files</Filter>
    </ClCompile>
    <ClCompile Include="..\lzma\C\Lzma2Dec.c">
      <Filter>Source Files</Filter>
    </ClCompile>
    <ClCompile Include="..\lzma\C\Lzma2Enc.c">
      <Filter>Source Files</Filter>
    </ClCompile>
    <ClCompile Include="..\lzma\C\LzmaDec.c">
      <Filter>Source Files</Filter>
    </ClCompile>
    <ClCompile Include="..\lzma\C\LzmaEnc.c">
      <Filter>Source Files</Filter>
    </ClCompile>
    <ClCompile Include="..\lzma\C\MtCoder.c">
      <Filter>Source Files</Filter>
    </ClCompile>
    <ClCompile Include="..\lzma\C\Threads.c">
      <Filter>Source Files</Filter>
    </ClCompile>
  </ItemGroup>
  <ItemGroup>
    <ClInclude Include="..\lzma\C\LzFind.h">
      <Filter>Source Files</Filter>
    </ClInclude>
    <ClInclude Include="..\lzma\C\LzFindMt.h">
      <Filter>Source Files</Filter>
    </ClInclude>
    <ClInclude Include="..\lzma\C\Lzma2Dec.h">
      <Filter>Source Files</Filter>
    </ClInclude>
    <ClInclude Include="..\lzma\C\Lzma2Enc.h">
      <Filter>Source Files</Filter>
    </ClInclude>
    <ClInclude Include="..\lzma\C\LzmaDec.h">
      <Filter>Source Files</Filter>
    </ClInclude>
    <ClInclude Include="..\lzma\C\LzmaEnc.h">
      <Filter>Source Files</Filter>
    </ClInclude>
    <ClInclude Include="..\lzma\C\MtCoder.h">
      <Filter>Source Files</Filter>
    </ClInclude>
    <ClInclude Include="..\lzma\C\Threads.h">
      <Filter>Source Files</Filter>
    </ClInclude>
  </ItemGroup>
</Project>