Microsoft Visual Studio Solution File, Format Version 12.00
# Visual Studio 14
Project("{8BC9CEB8-8B4A-11D0-8D11-00A0C91BC942}") = "ALL_BUILD", "ALL_BUILD.vcxproj", "{79E57F0C-4C6F-48CB-85D8-6E4F938D4BFE}"
	ProjectSection(ProjectDependencies) = postProject
		{587E5B54-BB39-4360-AD84-20B5A83F62AD} = {587E5B54-BB39-4360-AD84-20B5A83F62AD}
		{411E0789-8236-47B6-BA7E-D63A6BC88445} = {411E0789-8236-47B6-BA7E-D63A6BC88445}
		{125081F8-E414-438F-860A-D01B3CEBDBA5} = {125081F8-E414-438F-860A-D01B3CEBDBA5}
		{FBCDE468-A019-4E17-95B3-2B4C9372845F} = {FBCDE468-A019-4E17-95B3-2B4C9372845F}
		{80A7AE1B-F2F3-4056-B49B-08219AD8B1A8} = {80A7AE1B-F2F3-4056-B49B-08219AD8B1A8}
		{1EA29FBB-3700-4995-803D-436D2FA4DB64} = {1EA29FBB-3700-4995-803D-436D2FA4DB64}
		{59D12AB8-F55F-4EE4-99CC-76A51ACB3036} = {59D12AB8-F55F-4EE4-99CC-76A51ACB3036}
		{C74105CD-5265-4E07-9E87-8EAC4BD1EA1F} = {C74105CD-5265-4E07-9E87-8EAC4BD1EA1F}
		{74D244A4-F4C1-47A3-8E0B-0D4DCD941A35} = {74D244A4-F4C1-47A3-8E0B-0D4DCD941A35}
		{D470859C-D653-49CF-8D83-3381BCB5C667} = {D470859C-D653-49CF-8D83-3381BCB5C667}
		{87BA82AA-2E24-4060-8B50-C6085D824DBD} = {87BA82AA-2E24-4060-8B50-C6085D824DBD}
	EndProjectSection
EndProject
Project("{8BC9CEB8-8B4A-11D0-8D11-00A0C91BC942}") = "INSTALL", "INSTALL.vcxproj", "{331ADEC6-73A3-402A-8D4E-E822DF61B43D}"
	ProjectSection(ProjectDependencies) = postProject
		{79E57F0C-4C6F-48CB-85D8-6E4F938D4BFE} = {79E57F0C-4C6F-48CB-85D8-6E4F938D4BFE}
	EndProjectSection
EndProject
Project("{8BC9CEB8-8B4A-11D0-8D11-00A0C91BC942}") = "RUN_TESTS", "RUN_TESTS.vcxproj", "{A221B93D-6BAA-4F63-AA11-7F1CD2F5BE42}"
	ProjectSection(ProjectDependencies) = postProject
	EndProjectSection
EndProject
Project("{8BC9CEB8-8B4A-11D0-8D11-00A0C91BC942}") = "ZERO_CHECK", "ZERO_CHECK.vcxproj", "{587E5B54-BB39-4360-AD84-20B5A83F62AD}"
	ProjectSection(ProjectDependencies) = postProject
	EndProjectSection
EndProject
Project("{8BC9CEB8-8B4A-11D0-8D11-00A0C91BC942}") = "cjpeg-static", "cjpeg-static.vcxproj", "{411E0789-8236-47B6-BA7E-D63A6BC88445}"
	ProjectSection(ProjectDependencies) = postProject
		{587E5B54-BB39-4360-AD84-20B5A83F62AD} = {587E5B54-BB39-4360-AD84-20B5A83F62AD}
		{FBCDE468-A019-4E17-95B3-2B4C9372845F} = {FBCDE468-A019-4E17-95B3-2B4C9372845F}
	EndProjectSection
EndProject
Project("{8BC9CEB8-8B4A-11D0-8D11-00A0C91BC942}") = "djpeg-static", "djpeg-static.vcxproj", "{125081F8-E414-438F-860A-D01B3CEBDBA5}"
	ProjectSection(ProjectDependencies) = postProject
		{587E5B54-BB39-4360-AD84-20B5A83F62AD} = {587E5B54-BB39-4360-AD84-20B5A83F62AD}
		{FBCDE468-A019-4E17-95B3-2B4C9372845F} = {FBCDE468-A019-4E17-95B3-2B4C9372845F}
	EndProjectSection
EndProject
Project("{8BC9CEB8-8B4A-11D0-8D11-00A0C91BC942}") = "installer", "installer.vcxproj", "{F900F726-2010-4F5E-9B01-2D05B971A2EF}"
	ProjectSection(ProjectDependencies) = postProject
		{587E5B54-BB39-4360-AD84-20B5A83F62AD} = {587E5B54-BB39-4360-AD84-20B5A83F62AD}
		{FBCDE468-A019-4E17-95B3-2B4C9372845F} = {FBCDE468-A019-4E17-95B3-2B4C9372845F}
		{59D12AB8-F55F-4EE4-99CC-76A51ACB3036} = {59D12AB8-F55F-4EE4-99CC-76A51ACB3036}
		{D470859C-D653-49CF-8D83-3381BCB5C667} = {D470859C-D653-49CF-8D83-3381BCB5C667}
		{87BA82AA-2E24-4060-8B50-C6085D824DBD} = {87BA82AA-2E24-4060-8B50-C6085D824DBD}
	EndProjectSection
EndProject
Project("{8BC9CEB8-8B4A-11D0-8D11-00A0C91BC942}") = "jpeg-static", "jpeg-static.vcxproj", "{FBCDE468-A019-4E17-95B3-2B4C9372845F}"
	ProjectSection(ProjectDependencies) = postProject
		{587E5B54-BB39-4360-AD84-20B5A83F62AD} = {587E5B54-BB39-4360-AD84-20B5A83F62AD}
		{A7A3F8F1-1D22-489B-8717-7B03CFD04448} = {A7A3F8F1-1D22-489B-8717-7B03CFD04448}
	EndProjectSection
EndProject
Project("{8BC9CEB8-8B4A-11D0-8D11-00A0C91BC942}") = "jpegtran-static", "jpegtran-static.vcxproj", "{80A7AE1B-F2F3-4056-B49B-08219AD8B1A8}"
	ProjectSection(ProjectDependencies) = postProject
		{587E5B54-BB39-4360-AD84-20B5A83F62AD} = {587E5B54-BB39-4360-AD84-20B5A83F62AD}
		{FBCDE468-A019-4E17-95B3-2B4C9372845F} = {FBCDE468-A019-4E17-95B3-2B4C9372845F}
	EndProjectSection
EndProject
Project("{8BC9CEB8-8B4A-11D0-8D11-00A0C91BC942}") = "md5cmp", "md5\md5cmp.vcxproj", "{1EA29FBB-3700-4995-803D-436D2FA4DB64}"
	ProjectSection(ProjectDependencies) = postProject
		{587E5B54-BB39-4360-AD84-20B5A83F62AD} = {587E5B54-BB39-4360-AD84-20B5A83F62AD}
	EndProjectSection
EndProject
Project("{8BC9CEB8-8B4A-11D0-8D11-00A0C91BC942}") = "rdjpgcom", "rdjpgcom.vcxproj", "{59D12AB8-F55F-4EE4-99CC-76A51ACB3036}"
	ProjectSection(ProjectDependencies) = postProject
		{587E5B54-BB39-4360-AD84-20B5A83F62AD} = {587E5B54-BB39-4360-AD84-20B5A83F62AD}
	EndProjectSection
EndProject
Project("{8BC9CEB8-8B4A-11D0-8D11-00A0C91BC942}") = "simd", "simd\simd.vcxproj", "{A7A3F8F1-1D22-489B-8717-7B03CFD04448}"
	ProjectSection(ProjectDependencies) = postProject
		{587E5B54-BB39-4360-AD84-20B5A83F62AD} = {587E5B54-BB39-4360-AD84-20B5A83F62AD}
	EndProjectSection
EndProject
Project("{8BC9CEB8-8B4A-11D0-8D11-00A0C91BC942}") = "testclean", "testclean.vcxproj", "{D753B161-7606-4B7E-9D53-0DFA8384154D}"
	ProjectSection(ProjectDependencies) = postProject
		{587E5B54-BB39-4360-AD84-20B5A83F62AD} = {587E5B54-BB39-4360-AD84-20B5A83F62AD}
	EndProjectSection
EndProject
Project("{8BC9CEB8-8B4A-11D0-8D11-00A0C91BC942}") = "tjbench-static", "tjbench-static.vcxproj", "{C74105CD-5265-4E07-9E87-8EAC4BD1EA1F}"
	ProjectSection(ProjectDependencies) = postProject
		{587E5B54-BB39-4360-AD84-20B5A83F62AD} = {587E5B54-BB39-4360-AD84-20B5A83F62AD}
		{FBCDE468-A019-4E17-95B3-2B4C9372845F} = {FBCDE468-A019-4E17-95B3-2B4C9372845F}
		{D470859C-D653-49CF-8D83-3381BCB5C667} = {D470859C-D653-49CF-8D83-3381BCB5C667}
	EndProjectSection
EndProject
Project("{8BC9CEB8-8B4A-11D0-8D11-00A0C91BC942}") = "tjunittest-static", "tjunittest-static.vcxproj", "{74D244A4-F4C1-47A3-8E0B-0D4DCD941A35}"
	ProjectSection(ProjectDependencies) = postProject
		{587E5B54-BB39-4360-AD84-20B5A83F62AD} = {587E5B54-BB39-4360-AD84-20B5A83F62AD}
		{D470859C-D653-49CF-8D83-3381BCB5C667} = {D470859C-D653-49CF-8D83-3381BCB5C667}
	EndProjectSection
EndProject
Project("{8BC9CEB8-8B4A-11D0-8D11-00A0C91BC942}") = "turbojpeg-static", "turbojpeg-static.vcxproj", "{D470859C-D653-49CF-8D83-3381BCB5C667}"
	ProjectSection(ProjectDependencies) = postProject
		{587E5B54-BB39-4360-AD84-20B5A83F62AD} = {587E5B54-BB39-4360-AD84-20B5A83F62AD}
		{A7A3F8F1-1D22-489B-8717-7B03CFD04448} = {A7A3F8F1-1D22-489B-8717-7B03CFD04448}
	EndProjectSection
EndProject
Project("{8BC9CEB8-8B4A-11D0-8D11-00A0C91BC942}") = "wrjpgcom", "wrjpgcom.vcxproj", "{87BA82AA-2E24-4060-8B50-C6085D824DBD}"
	ProjectSection(ProjectDependencies) = postProject
		{587E5B54-BB39-4360-AD84-20B5A83F62AD} = {587E5B54-BB39-4360-AD84-20B5A83F62AD}
	EndProjectSection
EndProject
Global
	GlobalSection(SolutionConfigurationPlatforms) = preSolution
		Release|Win32 = Release|Win32
	EndGlobalSection
	GlobalSection(ProjectConfigurationPlatforms) = postSolution
		{79E57F0C-4C6F-48CB-85D8-6E4F938D4BFE}.Release|Win32.ActiveCfg = Release|Win32
		{79E57F0C-4C6F-48CB-85D8-6E4F938D4BFE}.Release|Win32.Build.0 = Release|Win32
		{331ADEC6-73A3-402A-8D4E-E822DF61B43D}.Release|Win32.ActiveCfg = Release|Win32
		{A221B93D-6BAA-4F63-AA11-7F1CD2F5BE42}.Release|Win32.ActiveCfg = Release|Win32
		{587E5B54-BB39-4360-AD84-20B5A83F62AD}.Release|Win32.ActiveCfg = Release|Win32
		{587E5B54-BB39-4360-AD84-20B5A83F62AD}.Release|Win32.Build.0 = Release|Win32
		{411E0789-8236-47B6-BA7E-D63A6BC88445}.Release|Win32.ActiveCfg = Release|Win32
		{411E0789-8236-47B6-BA7E-D63A6BC88445}.Release|Win32.Build.0 = Release|Win32
		{125081F8-E414-438F-860A-D01B3CEBDBA5}.Release|Win32.ActiveCfg = Release|Win32
		{125081F8-E414-438F-860A-D01B3CEBDBA5}.Release|Win32.Build.0 = Release|Win32
		{F900F726-2010-4F5E-9B01-2D05B971A2EF}.Release|Win32.ActiveCfg = Release|Win32
		{FBCDE468-A019-4E17-95B3-2B4C9372845F}.Release|Win32.ActiveCfg = Release|Win32
		{FBCDE468-A019-4E17-95B3-2B4C9372845F}.Release|Win32.Build.0 = Release|Win32
		{80A7AE1B-F2F3-4056-B49B-08219AD8B1A8}.Release|Win32.ActiveCfg = Release|Win32
		{80A7AE1B-F2F3-4056-B49B-08219AD8B1A8}.Release|Win32.Build.0 = Release|Win32
		{1EA29FBB-3700-4995-803D-436D2FA4DB64}.Release|Win32.ActiveCfg = Release|Win32
		{1EA29FBB-3700-4995-803D-436D2FA4DB64}.Release|Win32.Build.0 = Release|Win32
		{59D12AB8-F55F-4EE4-99CC-76A51ACB3036}.Release|Win32.ActiveCfg = Release|Win32
		{59D12AB8-F55F-4EE4-99CC-76A51ACB3036}.Release|Win32.Build.0 = Release|Win32
		{A7A3F8F1-1D22-489B-8717-7B03CFD04448}.Release|Win32.ActiveCfg = Release|Win32
		{A7A3F8F1-1D22-489B-8717-7B03CFD04448}.Release|Win32.Build.0 = Release|Win32
		{D753B161-7606-4B7E-9D53-0DFA8384154D}.Release|Win32.ActiveCfg = Release|Win32
		{C74105CD-5265-4E07-9E87-8EAC4BD1EA1F}.Release|Win32.ActiveCfg = Release|Win32
		{C74105CD-5265-4E07-9E87-8EAC4BD1EA1F}.Release|Win32.Build.0 = Release|Win32
		{74D244A4-F4C1-47A3-8E0B-0D4DCD941A35}.Release|Win32.ActiveCfg = Release|Win32
		{74D244A4-F4C1-47A3-8E0B-0D4DCD941A35}.Release|Win32.Build.0 = Release|Win32
		{D470859C-D653-49CF-8D83-3381BCB5C667}.Release|Win32.ActiveCfg = Release|Win32
		{D470859C-D653-49CF-8D83-3381BCB5C667}.Release|Win32.Build.0 = Release|Win32
		{87BA82AA-2E24-4060-8B50-C6085D824DBD}.Release|Win32.ActiveCfg = Release|Win32
		{87BA82AA-2E24-4060-8B50-C6085D824DBD}.Release|Win32.Build.0 = Release|Win32
	EndGlobalSection
	GlobalSection(ExtensibilityGlobals) = postSolution
	EndGlobalSection
	GlobalSection(ExtensibilityAddIns) = postSolution
	EndGlobalSection
EndGlobal
