<?xml version="1.0" encoding="UTF-8"?>
<Project ToolsVersion="14.0" xmlns="http://schemas.microsoft.com/developer/msbuild/2003">
  <ItemGroup>
    <CustomBuild Include="C:\Esenthel\ThirdPartyLibs\JpegTurbo\Windows32\CMakeFiles\2761c6fe730cf47cefd5279b4e68853e\INSTALL_force.rule">
      <Filter>CMake Rules</Filter>
    </CustomBuild>
  </ItemGroup>
  <ItemGroup>
    <Filter Include="CMake Rules">
      <UniqueIdentifier>{2BCCCE03-E981-4261-BAE5-0EAFA94FEB51}</UniqueIdentifier>
    </Filter>
  </ItemGroup>
</Project>
