<?xml version="1.0" encoding="UTF-8"?>
<Project ToolsVersion="4.0" xmlns="http://schemas.microsoft.com/developer/msbuild/2003">
  <ItemGroup>
    <ClCompile Include="..\lib\djpeg.c">
      <Filter>Source Files</Filter>
    </ClCompile>
    <ClCompile Include="..\lib\cdjpeg.c">
      <Filter>Source Files</Filter>
    </ClCompile>
    <ClCompile Include="..\lib\rdcolmap.c">
      <Filter>Source Files</Filter>
    </ClCompile>
    <ClCompile Include="..\lib\rdswitch.c">
      <Filter>Source Files</Filter>
    </ClCompile>
    <ClCompile Include="..\lib\wrgif.c">
      <Filter>Source Files</Filter>
    </ClCompile>
    <ClCompile Include="..\lib\wrppm.c">
      <Filter>Source Files</Filter>
    </ClCompile>
    <ClCompile Include="..\lib\wrbmp.c">
      <Filter>Source Files</Filter>
    </ClCompile>
    <ClCompile Include="..\lib\wrtarga.c">
      <Filter>Source Files</Filter>
    </ClCompile>
  </ItemGroup>
  <ItemGroup>
    <CustomBuild Include="..\lib\CMakeLists.txt" />
  </ItemGroup>
  <ItemGroup>
    <Filter Include="Source Files">
      <UniqueIdentifier>{B3965EA1-F3AA-4854-AAF4-7D13C9516C72}</UniqueIdentifier>
    </Filter>
  </ItemGroup>
</Project>
