Microsoft Visual Studio Solution File, Format Version 11.00
# Visual Studio 2010
Project("{8BC9CEB8-8B4A-11D0-8D11-00A0C91BC942}") = "ALL_BUILD", "ALL_BUILD.vcxproj", "{BB9623D4-38B0-4F9B-8C0B-266F757DC435}"
	ProjectSection(ProjectDependencies) = postProject
		{6166790D-C059-42BF-A028-871EF68C4360} = {6166790D-C059-42BF-A028-871EF68C4360}
		{63A283ED-884A-46E4-BD78-E2CACDEDD6B1} = {63A283ED-884A-46E4-BD78-E2CACDEDD6B1}
		{DD799E19-5767-4D0C-A87D-11A2E8B5C014} = {DD799E19-5767-4D0C-A87D-11A2E8B5C014}
		{8F09F178-8B64-4889-8676-2D27F3AAAA47} = {8F09F178-8B64-4889-8676-2D27F3AAAA47}
		{6FEFDBD5-82C1-4CFF-9C4E-B8E3D50F3686} = {6FEFDBD5-82C1-4CFF-9C4E-B8E3D50F3686}
		{21D91E2E-BEB7-40BC-BA74-851E69FF4714} = {21D91E2E-BEB7-40BC-BA74-851E69FF4714}
		{E6E98A5F-FD41-4907-87B4-53F83E44C599} = {E6E98A5F-FD41-4907-87B4-53F83E44C599}
		{E1A89953-C741-4EFD-91C6-A8D0F4F0B061} = {E1A89953-C741-4EFD-91C6-A8D0F4F0B061}
		{1CB041D7-2C94-493C-A3FE-0841F2696DB3} = {1CB041D7-2C94-493C-A3FE-0841F2696DB3}
		{AFA2F7B4-7BD8-4C40-9338-1702DF2B44B8} = {AFA2F7B4-7BD8-4C40-9338-1702DF2B44B8}
		{CD0FE2C9-2D9B-42E4-A8BD-9FBF664CE8EB} = {CD0FE2C9-2D9B-42E4-A8BD-9FBF664CE8EB}
	EndProjectSection
EndProject
Project("{8BC9CEB8-8B4A-11D0-8D11-00A0C91BC942}") = "INSTALL", "INSTALL.vcxproj", "{7B7CF6C6-653B-4537-A076-FB3D6038690F}"
	ProjectSection(ProjectDependencies) = postProject
		{BB9623D4-38B0-4F9B-8C0B-266F757DC435} = {BB9623D4-38B0-4F9B-8C0B-266F757DC435}
	EndProjectSection
EndProject
Project("{8BC9CEB8-8B4A-11D0-8D11-00A0C91BC942}") = "RUN_TESTS", "RUN_TESTS.vcxproj", "{E7691259-9B68-48F6-AD06-F8147DA20A93}"
	ProjectSection(ProjectDependencies) = postProject
	EndProjectSection
EndProject
Project("{8BC9CEB8-8B4A-11D0-8D11-00A0C91BC942}") = "ZERO_CHECK", "ZERO_CHECK.vcxproj", "{6166790D-C059-42BF-A028-871EF68C4360}"
	ProjectSection(ProjectDependencies) = postProject
	EndProjectSection
EndProject
Project("{8BC9CEB8-8B4A-11D0-8D11-00A0C91BC942}") = "cjpeg-static", "cjpeg-static.vcxproj", "{63A283ED-884A-46E4-BD78-E2CACDEDD6B1}"
	ProjectSection(ProjectDependencies) = postProject
		{6166790D-C059-42BF-A028-871EF68C4360} = {6166790D-C059-42BF-A028-871EF68C4360}
		{8F09F178-8B64-4889-8676-2D27F3AAAA47} = {8F09F178-8B64-4889-8676-2D27F3AAAA47}
	EndProjectSection
EndProject
Project("{8BC9CEB8-8B4A-11D0-8D11-00A0C91BC942}") = "djpeg-static", "djpeg-static.vcxproj", "{DD799E19-5767-4D0C-A87D-11A2E8B5C014}"
	ProjectSection(ProjectDependencies) = postProject
		{6166790D-C059-42BF-A028-871EF68C4360} = {6166790D-C059-42BF-A028-871EF68C4360}
		{8F09F178-8B64-4889-8676-2D27F3AAAA47} = {8F09F178-8B64-4889-8676-2D27F3AAAA47}
	EndProjectSection
EndProject
Project("{8BC9CEB8-8B4A-11D0-8D11-00A0C91BC942}") = "installer", "installer.vcxproj", "{4D28342E-3A64-4B4E-A447-0F9707E8D4C3}"
	ProjectSection(ProjectDependencies) = postProject
		{6166790D-C059-42BF-A028-871EF68C4360} = {6166790D-C059-42BF-A028-871EF68C4360}
		{8F09F178-8B64-4889-8676-2D27F3AAAA47} = {8F09F178-8B64-4889-8676-2D27F3AAAA47}
		{E6E98A5F-FD41-4907-87B4-53F83E44C599} = {E6E98A5F-FD41-4907-87B4-53F83E44C599}
		{AFA2F7B4-7BD8-4C40-9338-1702DF2B44B8} = {AFA2F7B4-7BD8-4C40-9338-1702DF2B44B8}
		{CD0FE2C9-2D9B-42E4-A8BD-9FBF664CE8EB} = {CD0FE2C9-2D9B-42E4-A8BD-9FBF664CE8EB}
	EndProjectSection
EndProject
Project("{8BC9CEB8-8B4A-11D0-8D11-00A0C91BC942}") = "jpeg-static", "jpeg-static.vcxproj", "{8F09F178-8B64-4889-8676-2D27F3AAAA47}"
	ProjectSection(ProjectDependencies) = postProject
		{6166790D-C059-42BF-A028-871EF68C4360} = {6166790D-C059-42BF-A028-871EF68C4360}
	EndProjectSection
EndProject
Project("{8BC9CEB8-8B4A-11D0-8D11-00A0C91BC942}") = "jpegtran-static", "jpegtran-static.vcxproj", "{6FEFDBD5-82C1-4CFF-9C4E-B8E3D50F3686}"
	ProjectSection(ProjectDependencies) = postProject
		{6166790D-C059-42BF-A028-871EF68C4360} = {6166790D-C059-42BF-A028-871EF68C4360}
		{8F09F178-8B64-4889-8676-2D27F3AAAA47} = {8F09F178-8B64-4889-8676-2D27F3AAAA47}
	EndProjectSection
EndProject
Project("{8BC9CEB8-8B4A-11D0-8D11-00A0C91BC942}") = "md5cmp", "md5\md5cmp.vcxproj", "{21D91E2E-BEB7-40BC-BA74-851E69FF4714}"
	ProjectSection(ProjectDependencies) = postProject
		{6166790D-C059-42BF-A028-871EF68C4360} = {6166790D-C059-42BF-A028-871EF68C4360}
	EndProjectSection
EndProject
Project("{8BC9CEB8-8B4A-11D0-8D11-00A0C91BC942}") = "rdjpgcom", "rdjpgcom.vcxproj", "{E6E98A5F-FD41-4907-87B4-53F83E44C599}"
	ProjectSection(ProjectDependencies) = postProject
		{6166790D-C059-42BF-A028-871EF68C4360} = {6166790D-C059-42BF-A028-871EF68C4360}
	EndProjectSection
EndProject
Project("{8BC9CEB8-8B4A-11D0-8D11-00A0C91BC942}") = "testclean", "testclean.vcxproj", "{807B16A4-1686-415B-9D26-BBF5C05A8D03}"
	ProjectSection(ProjectDependencies) = postProject
		{6166790D-C059-42BF-A028-871EF68C4360} = {6166790D-C059-42BF-A028-871EF68C4360}
	EndProjectSection
EndProject
Project("{8BC9CEB8-8B4A-11D0-8D11-00A0C91BC942}") = "tjbench-static", "tjbench-static.vcxproj", "{E1A89953-C741-4EFD-91C6-A8D0F4F0B061}"
	ProjectSection(ProjectDependencies) = postProject
		{6166790D-C059-42BF-A028-871EF68C4360} = {6166790D-C059-42BF-A028-871EF68C4360}
		{8F09F178-8B64-4889-8676-2D27F3AAAA47} = {8F09F178-8B64-4889-8676-2D27F3AAAA47}
		{AFA2F7B4-7BD8-4C40-9338-1702DF2B44B8} = {AFA2F7B4-7BD8-4C40-9338-1702DF2B44B8}
	EndProjectSection
EndProject
Project("{8BC9CEB8-8B4A-11D0-8D11-00A0C91BC942}") = "tjunittest-static", "tjunittest-static.vcxproj", "{1CB041D7-2C94-493C-A3FE-0841F2696DB3}"
	ProjectSection(ProjectDependencies) = postProject
		{6166790D-C059-42BF-A028-871EF68C4360} = {6166790D-C059-42BF-A028-871EF68C4360}
		{AFA2F7B4-7BD8-4C40-9338-1702DF2B44B8} = {AFA2F7B4-7BD8-4C40-9338-1702DF2B44B8}
	EndProjectSection
EndProject
Project("{8BC9CEB8-8B4A-11D0-8D11-00A0C91BC942}") = "turbojpeg-static", "turbojpeg-static.vcxproj", "{AFA2F7B4-7BD8-4C40-9338-1702DF2B44B8}"
	ProjectSection(ProjectDependencies) = postProject
		{6166790D-C059-42BF-A028-871EF68C4360} = {6166790D-C059-42BF-A028-871EF68C4360}
	EndProjectSection
EndProject
Project("{8BC9CEB8-8B4A-11D0-8D11-00A0C91BC942}") = "wrjpgcom", "wrjpgcom.vcxproj", "{CD0FE2C9-2D9B-42E4-A8BD-9FBF664CE8EB}"
	ProjectSection(ProjectDependencies) = postProject
		{6166790D-C059-42BF-A028-871EF68C4360} = {6166790D-C059-42BF-A028-871EF68C4360}
	EndProjectSection
EndProject
Global
	GlobalSection(SolutionConfigurationPlatforms) = preSolution
		Release|Win32 = Release|Win32
	EndGlobalSection
	GlobalSection(ProjectConfigurationPlatforms) = postSolution
		{BB9623D4-38B0-4F9B-8C0B-266F757DC435}.Release|Win32.ActiveCfg = Release|Win32
		{BB9623D4-38B0-4F9B-8C0B-266F757DC435}.Release|Win32.Build.0 = Release|Win32
		{7B7CF6C6-653B-4537-A076-FB3D6038690F}.Release|Win32.ActiveCfg = Release|Win32
		{E7691259-9B68-48F6-AD06-F8147DA20A93}.Release|Win32.ActiveCfg = Release|Win32
		{6166790D-C059-42BF-A028-871EF68C4360}.Release|Win32.ActiveCfg = Release|Win32
		{6166790D-C059-42BF-A028-871EF68C4360}.Release|Win32.Build.0 = Release|Win32
		{63A283ED-884A-46E4-BD78-E2CACDEDD6B1}.Release|Win32.ActiveCfg = Release|Win32
		{63A283ED-884A-46E4-BD78-E2CACDEDD6B1}.Release|Win32.Build.0 = Release|Win32
		{DD799E19-5767-4D0C-A87D-11A2E8B5C014}.Release|Win32.ActiveCfg = Release|Win32
		{DD799E19-5767-4D0C-A87D-11A2E8B5C014}.Release|Win32.Build.0 = Release|Win32
		{4D28342E-3A64-4B4E-A447-0F9707E8D4C3}.Release|Win32.ActiveCfg = Release|Win32
		{8F09F178-8B64-4889-8676-2D27F3AAAA47}.Release|Win32.ActiveCfg = Release|Win32
		{8F09F178-8B64-4889-8676-2D27F3AAAA47}.Release|Win32.Build.0 = Release|Win32
		{6FEFDBD5-82C1-4CFF-9C4E-B8E3D50F3686}.Release|Win32.ActiveCfg = Release|Win32
		{6FEFDBD5-82C1-4CFF-9C4E-B8E3D50F3686}.Release|Win32.Build.0 = Release|Win32
		{21D91E2E-BEB7-40BC-BA74-851E69FF4714}.Release|Win32.ActiveCfg = Release|Win32
		{21D91E2E-BEB7-40BC-BA74-851E69FF4714}.Release|Win32.Build.0 = Release|Win32
		{E6E98A5F-FD41-4907-87B4-53F83E44C599}.Release|Win32.ActiveCfg = Release|Win32
		{E6E98A5F-FD41-4907-87B4-53F83E44C599}.Release|Win32.Build.0 = Release|Win32
		{807B16A4-1686-415B-9D26-BBF5C05A8D03}.Release|Win32.ActiveCfg = Release|Win32
		{E1A89953-C741-4EFD-91C6-A8D0F4F0B061}.Release|Win32.ActiveCfg = Release|Win32
		{E1A89953-C741-4EFD-91C6-A8D0F4F0B061}.Release|Win32.Build.0 = Release|Win32
		{1CB041D7-2C94-493C-A3FE-0841F2696DB3}.Release|Win32.ActiveCfg = Release|Win32
		{1CB041D7-2C94-493C-A3FE-0841F2696DB3}.Release|Win32.Build.0 = Release|Win32
		{AFA2F7B4-7BD8-4C40-9338-1702DF2B44B8}.Release|Win32.ActiveCfg = Release|Win32
		{AFA2F7B4-7BD8-4C40-9338-1702DF2B44B8}.Release|Win32.Build.0 = Release|Win32
		{CD0FE2C9-2D9B-42E4-A8BD-9FBF664CE8EB}.Release|Win32.ActiveCfg = Release|Win32
		{CD0FE2C9-2D9B-42E4-A8BD-9FBF664CE8EB}.Release|Win32.Build.0 = Release|Win32
	EndGlobalSection
	GlobalSection(ExtensibilityGlobals) = postSolution
	EndGlobalSection
	GlobalSection(ExtensibilityAddIns) = postSolution
	EndGlobalSection
EndGlobal
